
Microsoft Visual Studio Solution File, Format Version 9.00
# Visual Studio 2005
Project("{8BC9CEB8-8B4A-11D0-8D11-00A0C91BC942}") = "01_Init", "directx9\01_Init\01_Init.vcproj", "{36CB6C1A-82C0-41CC-9521-C43195559A5F}"
EndProject
Global
	GlobalSection(SolutionConfigurationPlatforms) = preSolution
		Debug|Win32 = Debug|Win32
		Release|Win32 = Release|Win32
	EndGlobalSection
	GlobalSection(ProjectConfigurationPlatforms) = postSolution
		{36CB6C1A-82C0-41CC-9521-C43195559A5F}.Debug|Win32.ActiveCfg = Debug|Win32
		{36CB6C1A-82C0-41CC-9521-C43195559A5F}.Debug|Win32.Build.0 = Debug|Win32
		{36CB6C1A-82C0-41CC-9521-C43195559A5F}.Release|Win32.ActiveCfg = Release|Win32
		{36CB6C1A-82C0-41CC-9521-C43195559A5F}.Release|Win32.Build.0 = Release|Win32
	EndGlobalSection
	GlobalSection(SolutionProperties) = preSolution
		HideSolutionNode = FALSE
	EndGlobalSection
EndGlobal
