
Microsoft Visual Studio Solution File, Format Version 9.00
# Visual Studio 2005
Project("{8BC9CEB8-8B4A-11D0-8D11-00A0C91BC942}") = "01_Init", "01_Init\01_Init.vcproj", "{36CB6C1A-82C0-41CC-9521-C43195559A5F}"
EndProject
Project("{8BC9CEB8-8B4A-11D0-8D11-00A0C91BC942}") = "02_Triangle", "02_Triangle\02_Triangle.vcproj", "{DE5A6CD3-C851-408F-A6CA-D263C2DF4B2B}"
EndProject
Project("{8BC9CEB8-8B4A-11D0-8D11-00A0C91BC942}") = "03_Cube", "03_Cube\03_Cube.vcproj", "{D97A9735-988E-41BA-BD6E-3295A3A7BCD0}"
EndProject
Project("{8BC9CEB8-8B4A-11D0-8D11-00A0C91BC942}") = "04_Teapot", "04_Teapot\04_Teapot.vcproj", "{D6D45164-847D-48A3-B78F-B92EAB335B3C}"
EndProject
Project("{8BC9CEB8-8B4A-11D0-8D11-00A0C91BC942}") = "05_D3DXCreate", "05_D3DXCreate\05_D3DXCreate.vcproj", "{C5D30ABA-57FC-49E2-95CE-F6B7AE7646B9}"
EndProject
Project("{8BC9CEB8-8B4A-11D0-8D11-00A0C91BC942}") = "06_ColorTriangle", "06_ColorTriangle\06_ColorTriangle.vcproj", "{3DDF9D91-4F0B-46D0-969E-AE5CA91DCB99}"
EndProject
Project("{8BC9CEB8-8B4A-11D0-8D11-00A0C91BC942}") = "07_LitPyramid", "07_LitPyramid\07_LitPyramid.vcproj", "{04E06E1D-6647-4FE7-AFEF-84FD5F2F549D}"
EndProject
Project("{8BC9CEB8-8B4A-11D0-8D11-00A0C91BC942}") = "08_DirectionalLight", "08_DirectionalLight\08_DirectionalLight.vcproj", "{A8B6294C-3186-434E-AD1B-4D8F892A014C}"
EndProject
Project("{8BC9CEB8-8B4A-11D0-8D11-00A0C91BC942}") = "09_PointLight", "09_PointLight\09_PointLight.vcproj", "{EAEC37C3-B354-4B4D-9BF9-70F00BEB79D0}"
EndProject
Project("{8BC9CEB8-8B4A-11D0-8D11-00A0C91BC942}") = "10_SpotLight", "10_SpotLight\10_SpotLight.vcproj", "{87B439E9-88A5-460B-BCEA-90D4639C2000}"
EndProject
Project("{8BC9CEB8-8B4A-11D0-8D11-00A0C91BC942}") = "11_TexQuad", "11_TexQuad\11_TexQuad.vcproj", "{783C62F4-827E-4A09-84D6-0B1D3789601F}"
EndProject
Project("{8BC9CEB8-8B4A-11D0-8D11-00A0C91BC942}") = "12_AddressModes", "12_AddressModes\12_AddressModes.vcproj", "{7F3FD16E-9CA5-47F9-9831-B761AA66B26E}"
EndProject
Project("{8BC9CEB8-8B4A-11D0-8D11-00A0C91BC942}") = "13_TexCube", "13_TexCube\13_TexCube.vcproj", "{56DEA422-C528-47E6-AB18-44AD4C0A6F6C}"
EndProject
Project("{8BC9CEB8-8B4A-11D0-8D11-00A0C91BC942}") = "14_MtrlAlpha", "14_MtrlAlpha\14_MtrlAlpha.vcproj", "{E34A212C-848C-4AC6-A862-43CB20833ADA}"
EndProject
Project("{8BC9CEB8-8B4A-11D0-8D11-00A0C91BC942}") = "15_TexAlpha", "15_TexAlpha\15_TexAlpha.vcproj", "{71F7BA89-4B37-4209-B4F1-C4C49AC082FC}"
EndProject
Project("{8BC9CEB8-8B4A-11D0-8D11-00A0C91BC942}") = "16_StencilMirror", "16_StencilMirror\16_StencilMirror.vcproj", "{82A18A0F-230F-46A0-AAA2-0840778662CA}"
EndProject
Project("{8BC9CEB8-8B4A-11D0-8D11-00A0C91BC942}") = "17_StencilShadow", "17_StencilShadow\17_StencilShadow.vcproj", "{211A768B-E332-4301-8CE3-9BD007543082}"
EndProject
Project("{8BC9CEB8-8B4A-11D0-8D11-00A0C91BC942}") = "18_StencilMirrorShadow", "18_StencilMirrorShadow\18_StencilMirrorShadow.vcproj", "{F2BA9E7E-5F4B-4E51-AECB-2F175B0F9C99}"
EndProject
Project("{8BC9CEB8-8B4A-11D0-8D11-00A0C91BC942}") = "21_D3DXCreateText", "21_D3DXCreateText\21_D3DXCreateText.vcproj", "{CB0BD449-ECE0-41F3-A336-38D06648431A}"
EndProject
Project("{8BC9CEB8-8B4A-11D0-8D11-00A0C91BC942}") = "19_ID3DXFont", "19_ID3DXFont\19_ID3DXFont.vcproj", "{AA5931EB-84A0-4159-9D6B-B834D2D96B41}"
EndProject
Project("{8BC9CEB8-8B4A-11D0-8D11-00A0C91BC942}") = "20_CFont", "20_CFont\20_CFont.vcproj", "{04736B6C-5706-4E9F-BA3B-832C80860222}"
EndProject
Project("{8BC9CEB8-8B4A-11D0-8D11-00A0C91BC942}") = "22_D3DXCreateMeshFVF", "22_D3DXCreateMeshFVF\22_D3DXCreateMeshFVF.vcproj", "{F9CB92BE-6949-4374-B500-E528EFDEF071}"
EndProject
Project("{8BC9CEB8-8B4A-11D0-8D11-00A0C91BC942}") = "23_XFile", "23_XFile\23_XFile.vcproj", "{71BE2350-9462-42D5-B0B3-FBF81FBB6B26}"
EndProject
Project("{8BC9CEB8-8B4A-11D0-8D11-00A0C91BC942}") = "24_ProgressiveMesh", "24_ProgressiveMesh\24_ProgressiveMesh.vcproj", "{58480639-FF2D-4980-A9AC-5967BB2351C7}"
EndProject
Project("{8BC9CEB8-8B4A-11D0-8D11-00A0C91BC942}") = "25_BoundingVolumes", "25_BoundingVolumes\25_BoundingVolumes.vcproj", "{09086CCF-35D4-45F7-AB17-56DD1459F0B7}"
EndProject
Project("{8BC9CEB8-8B4A-11D0-8D11-00A0C91BC942}") = "26_Camera", "26_Camera\26_Camera.vcproj", "{B48F001F-C650-4D26-AE52-048A3502CC76}"
EndProject
Project("{8BC9CEB8-8B4A-11D0-8D11-00A0C91BC942}") = "29_SnowSystem", "29_SnowSystem\29_SnowSystem.vcproj", "{A3C3D8BF-F333-4CBA-B6BD-280E70E2E451}"
EndProject
Project("{8BC9CEB8-8B4A-11D0-8D11-00A0C91BC942}") = "30_FireworkSystem", "30_FireworkSystem\30_FireworkSystem.vcproj", "{1E5410EF-E10A-471F-BBEF-6357F453981C}"
EndProject
Project("{8BC9CEB8-8B4A-11D0-8D11-00A0C91BC942}") = "31_LaserSystem", "31_LaserSystem\31_LaserSystem.vcproj", "{9FCBBFB3-DF7B-4CE5-9681-5BB6B1AC9E92}"
EndProject
Project("{8BC9CEB8-8B4A-11D0-8D11-00A0C91BC942}") = "32_Pick", "32_Pick\32_Pick.vcproj", "{3B94863E-F52B-4D99-B663-9A1880B628EA}"
EndProject
Project("{8BC9CEB8-8B4A-11D0-8D11-00A0C91BC942}") = "33_VSTransform", "33_VSTransform\33_VSTransform.vcproj", "{DB328768-10E3-4F9A-A347-8A36FDAA6F7B}"
EndProject
Project("{8BC9CEB8-8B4A-11D0-8D11-00A0C91BC942}") = "34_VSDiffuseLighting", "34_VSDiffuseLighting\34_VSDiffuseLighting.vcproj", "{6F7362D7-23E8-460F-AB3C-ED15F21D2F26}"
EndProject
Project("{8BC9CEB8-8B4A-11D0-8D11-00A0C91BC942}") = "35_VSToon", "35_VSToon\35_VSToon.vcproj", "{9BF0AEC9-4DF8-4EFD-8A68-3FE4157BDE9D}"
EndProject
Project("{8BC9CEB8-8B4A-11D0-8D11-00A0C91BC942}") = "36_VSToonWithOutlines", "36_VSToonWithOutlines\36_VSToonWithOutlines.vcproj", "{35A96A7C-6F14-425D-8D76-D42100FFA384}"
EndProject
Project("{8BC9CEB8-8B4A-11D0-8D11-00A0C91BC942}") = "37_PSMultiTexture", "37_PSMultiTexture\37_PSMultiTexture.vcproj", "{24BA9C3B-D9E9-46C2-A85C-5AF9CD44A91C}"
EndProject
Project("{8BC9CEB8-8B4A-11D0-8D11-00A0C91BC942}") = "38_LightingAndTexturing", "38_LightingAndTexturing\38_LightingAndTexturing.vcproj", "{82933FAD-B5BE-48D6-931F-50ADF6499920}"
EndProject
Project("{8BC9CEB8-8B4A-11D0-8D11-00A0C91BC942}") = "39_FogEffect", "39_FogEffect\39_FogEffect.vcproj", "{EDDCA6B8-E129-49C8-8AC3-C18BCFEF35FD}"
EndProject
Project("{8BC9CEB8-8B4A-11D0-8D11-00A0C91BC942}") = "40_CartoonEffect", "40_CartoonEffect\40_CartoonEffect.vcproj", "{7359A2D3-4DD6-4814-BFB3-EA4F72598778}"
EndProject
Global
	GlobalSection(SolutionConfigurationPlatforms) = preSolution
		Debug|Win32 = Debug|Win32
		Release|Win32 = Release|Win32
	EndGlobalSection
	GlobalSection(ProjectConfigurationPlatforms) = postSolution
		{36CB6C1A-82C0-41CC-9521-C43195559A5F}.Debug|Win32.ActiveCfg = Debug|Win32
		{36CB6C1A-82C0-41CC-9521-C43195559A5F}.Debug|Win32.Build.0 = Debug|Win32
		{36CB6C1A-82C0-41CC-9521-C43195559A5F}.Release|Win32.ActiveCfg = Release|Win32
		{36CB6C1A-82C0-41CC-9521-C43195559A5F}.Release|Win32.Build.0 = Release|Win32
		{DE5A6CD3-C851-408F-A6CA-D263C2DF4B2B}.Debug|Win32.ActiveCfg = Debug|Win32
		{DE5A6CD3-C851-408F-A6CA-D263C2DF4B2B}.Debug|Win32.Build.0 = Debug|Win32
		{DE5A6CD3-C851-408F-A6CA-D263C2DF4B2B}.Release|Win32.ActiveCfg = Release|Win32
		{DE5A6CD3-C851-408F-A6CA-D263C2DF4B2B}.Release|Win32.Build.0 = Release|Win32
		{D97A9735-988E-41BA-BD6E-3295A3A7BCD0}.Debug|Win32.ActiveCfg = Debug|Win32
		{D97A9735-988E-41BA-BD6E-3295A3A7BCD0}.Debug|Win32.Build.0 = Debug|Win32
		{D97A9735-988E-41BA-BD6E-3295A3A7BCD0}.Release|Win32.ActiveCfg = Release|Win32
		{D97A9735-988E-41BA-BD6E-3295A3A7BCD0}.Release|Win32.Build.0 = Release|Win32
		{D6D45164-847D-48A3-B78F-B92EAB335B3C}.Debug|Win32.ActiveCfg = Debug|Win32
		{D6D45164-847D-48A3-B78F-B92EAB335B3C}.Debug|Win32.Build.0 = Debug|Win32
		{D6D45164-847D-48A3-B78F-B92EAB335B3C}.Release|Win32.ActiveCfg = Release|Win32
		{D6D45164-847D-48A3-B78F-B92EAB335B3C}.Release|Win32.Build.0 = Release|Win32
		{C5D30ABA-57FC-49E2-95CE-F6B7AE7646B9}.Debug|Win32.ActiveCfg = Debug|Win32
		{C5D30ABA-57FC-49E2-95CE-F6B7AE7646B9}.Debug|Win32.Build.0 = Debug|Win32
		{C5D30ABA-57FC-49E2-95CE-F6B7AE7646B9}.Release|Win32.ActiveCfg = Release|Win32
		{C5D30ABA-57FC-49E2-95CE-F6B7AE7646B9}.Release|Win32.Build.0 = Release|Win32
		{3DDF9D91-4F0B-46D0-969E-AE5CA91DCB99}.Debug|Win32.ActiveCfg = Debug|Win32
		{3DDF9D91-4F0B-46D0-969E-AE5CA91DCB99}.Debug|Win32.Build.0 = Debug|Win32
		{3DDF9D91-4F0B-46D0-969E-AE5CA91DCB99}.Release|Win32.ActiveCfg = Release|Win32
		{3DDF9D91-4F0B-46D0-969E-AE5CA91DCB99}.Release|Win32.Build.0 = Release|Win32
		{04E06E1D-6647-4FE7-AFEF-84FD5F2F549D}.Debug|Win32.ActiveCfg = Debug|Win32
		{04E06E1D-6647-4FE7-AFEF-84FD5F2F549D}.Debug|Win32.Build.0 = Debug|Win32
		{04E06E1D-6647-4FE7-AFEF-84FD5F2F549D}.Release|Win32.ActiveCfg = Release|Win32
		{04E06E1D-6647-4FE7-AFEF-84FD5F2F549D}.Release|Win32.Build.0 = Release|Win32
		{A8B6294C-3186-434E-AD1B-4D8F892A014C}.Debug|Win32.ActiveCfg = Debug|Win32
		{A8B6294C-3186-434E-AD1B-4D8F892A014C}.Debug|Win32.Build.0 = Debug|Win32
		{A8B6294C-3186-434E-AD1B-4D8F892A014C}.Release|Win32.ActiveCfg = Release|Win32
		{A8B6294C-3186-434E-AD1B-4D8F892A014C}.Release|Win32.Build.0 = Release|Win32
		{EAEC37C3-B354-4B4D-9BF9-70F00BEB79D0}.Debug|Win32.ActiveCfg = Debug|Win32
		{EAEC37C3-B354-4B4D-9BF9-70F00BEB79D0}.Debug|Win32.Build.0 = Debug|Win32
		{EAEC37C3-B354-4B4D-9BF9-70F00BEB79D0}.Release|Win32.ActiveCfg = Release|Win32
		{EAEC37C3-B354-4B4D-9BF9-70F00BEB79D0}.Release|Win32.Build.0 = Release|Win32
		{87B439E9-88A5-460B-BCEA-90D4639C2000}.Debug|Win32.ActiveCfg = Debug|Win32
		{87B439E9-88A5-460B-BCEA-90D4639C2000}.Debug|Win32.Build.0 = Debug|Win32
		{87B439E9-88A5-460B-BCEA-90D4639C2000}.Release|Win32.ActiveCfg = Release|Win32
		{87B439E9-88A5-460B-BCEA-90D4639C2000}.Release|Win32.Build.0 = Release|Win32
		{783C62F4-827E-4A09-84D6-0B1D3789601F}.Debug|Win32.ActiveCfg = Debug|Win32
		{783C62F4-827E-4A09-84D6-0B1D3789601F}.Debug|Win32.Build.0 = Debug|Win32
		{783C62F4-827E-4A09-84D6-0B1D3789601F}.Release|Win32.ActiveCfg = Release|Win32
		{783C62F4-827E-4A09-84D6-0B1D3789601F}.Release|Win32.Build.0 = Release|Win32
		{7F3FD16E-9CA5-47F9-9831-B761AA66B26E}.Debug|Win32.ActiveCfg = Debug|Win32
		{7F3FD16E-9CA5-47F9-9831-B761AA66B26E}.Debug|Win32.Build.0 = Debug|Win32
		{7F3FD16E-9CA5-47F9-9831-B761AA66B26E}.Release|Win32.ActiveCfg = Release|Win32
		{7F3FD16E-9CA5-47F9-9831-B761AA66B26E}.Release|Win32.Build.0 = Release|Win32
		{56DEA422-C528-47E6-AB18-44AD4C0A6F6C}.Debug|Win32.ActiveCfg = Debug|Win32
		{56DEA422-C528-47E6-AB18-44AD4C0A6F6C}.Debug|Win32.Build.0 = Debug|Win32
		{56DEA422-C528-47E6-AB18-44AD4C0A6F6C}.Release|Win32.ActiveCfg = Release|Win32
		{56DEA422-C528-47E6-AB18-44AD4C0A6F6C}.Release|Win32.Build.0 = Release|Win32
		{E34A212C-848C-4AC6-A862-43CB20833ADA}.Debug|Win32.ActiveCfg = Debug|Win32
		{E34A212C-848C-4AC6-A862-43CB20833ADA}.Debug|Win32.Build.0 = Debug|Win32
		{E34A212C-848C-4AC6-A862-43CB20833ADA}.Release|Win32.ActiveCfg = Release|Win32
		{E34A212C-848C-4AC6-A862-43CB20833ADA}.Release|Win32.Build.0 = Release|Win32
		{71F7BA89-4B37-4209-B4F1-C4C49AC082FC}.Debug|Win32.ActiveCfg = Debug|Win32
		{71F7BA89-4B37-4209-B4F1-C4C49AC082FC}.Debug|Win32.Build.0 = Debug|Win32
		{71F7BA89-4B37-4209-B4F1-C4C49AC082FC}.Release|Win32.ActiveCfg = Release|Win32
		{71F7BA89-4B37-4209-B4F1-C4C49AC082FC}.Release|Win32.Build.0 = Release|Win32
		{82A18A0F-230F-46A0-AAA2-0840778662CA}.Debug|Win32.ActiveCfg = Debug|Win32
		{82A18A0F-230F-46A0-AAA2-0840778662CA}.Debug|Win32.Build.0 = Debug|Win32
		{82A18A0F-230F-46A0-AAA2-0840778662CA}.Release|Win32.ActiveCfg = Release|Win32
		{82A18A0F-230F-46A0-AAA2-0840778662CA}.Release|Win32.Build.0 = Release|Win32
		{211A768B-E332-4301-8CE3-9BD007543082}.Debug|Win32.ActiveCfg = Debug|Win32
		{211A768B-E332-4301-8CE3-9BD007543082}.Debug|Win32.Build.0 = Debug|Win32
		{211A768B-E332-4301-8CE3-9BD007543082}.Release|Win32.ActiveCfg = Release|Win32
		{211A768B-E332-4301-8CE3-9BD007543082}.Release|Win32.Build.0 = Release|Win32
		{F2BA9E7E-5F4B-4E51-AECB-2F175B0F9C99}.Debug|Win32.ActiveCfg = Debug|Win32
		{F2BA9E7E-5F4B-4E51-AECB-2F175B0F9C99}.Debug|Win32.Build.0 = Debug|Win32
		{F2BA9E7E-5F4B-4E51-AECB-2F175B0F9C99}.Release|Win32.ActiveCfg = Release|Win32
		{F2BA9E7E-5F4B-4E51-AECB-2F175B0F9C99}.Release|Win32.Build.0 = Release|Win32
		{CB0BD449-ECE0-41F3-A336-38D06648431A}.Debug|Win32.ActiveCfg = Debug|Win32
		{CB0BD449-ECE0-41F3-A336-38D06648431A}.Debug|Win32.Build.0 = Debug|Win32
		{CB0BD449-ECE0-41F3-A336-38D06648431A}.Release|Win32.ActiveCfg = Release|Win32
		{CB0BD449-ECE0-41F3-A336-38D06648431A}.Release|Win32.Build.0 = Release|Win32
		{AA5931EB-84A0-4159-9D6B-B834D2D96B41}.Debug|Win32.ActiveCfg = Debug|Win32
		{AA5931EB-84A0-4159-9D6B-B834D2D96B41}.Debug|Win32.Build.0 = Debug|Win32
		{AA5931EB-84A0-4159-9D6B-B834D2D96B41}.Release|Win32.ActiveCfg = Release|Win32
		{AA5931EB-84A0-4159-9D6B-B834D2D96B41}.Release|Win32.Build.0 = Release|Win32
		{04736B6C-5706-4E9F-BA3B-832C80860222}.Debug|Win32.ActiveCfg = Debug|Win32
		{04736B6C-5706-4E9F-BA3B-832C80860222}.Debug|Win32.Build.0 = Debug|Win32
		{04736B6C-5706-4E9F-BA3B-832C80860222}.Release|Win32.ActiveCfg = Release|Win32
		{04736B6C-5706-4E9F-BA3B-832C80860222}.Release|Win32.Build.0 = Release|Win32
		{F9CB92BE-6949-4374-B500-E528EFDEF071}.Debug|Win32.ActiveCfg = Debug|Win32
		{F9CB92BE-6949-4374-B500-E528EFDEF071}.Debug|Win32.Build.0 = Debug|Win32
		{F9CB92BE-6949-4374-B500-E528EFDEF071}.Release|Win32.ActiveCfg = Release|Win32
		{F9CB92BE-6949-4374-B500-E528EFDEF071}.Release|Win32.Build.0 = Release|Win32
		{71BE2350-9462-42D5-B0B3-FBF81FBB6B26}.Debug|Win32.ActiveCfg = Debug|Win32
		{71BE2350-9462-42D5-B0B3-FBF81FBB6B26}.Debug|Win32.Build.0 = Debug|Win32
		{71BE2350-9462-42D5-B0B3-FBF81FBB6B26}.Release|Win32.ActiveCfg = Release|Win32
		{71BE2350-9462-42D5-B0B3-FBF81FBB6B26}.Release|Win32.Build.0 = Release|Win32
		{58480639-FF2D-4980-A9AC-5967BB2351C7}.Debug|Win32.ActiveCfg = Debug|Win32
		{58480639-FF2D-4980-A9AC-5967BB2351C7}.Debug|Win32.Build.0 = Debug|Win32
		{58480639-FF2D-4980-A9AC-5967BB2351C7}.Release|Win32.ActiveCfg = Release|Win32
		{58480639-FF2D-4980-A9AC-5967BB2351C7}.Release|Win32.Build.0 = Release|Win32
		{09086CCF-35D4-45F7-AB17-56DD1459F0B7}.Debug|Win32.ActiveCfg = Debug|Win32
		{09086CCF-35D4-45F7-AB17-56DD1459F0B7}.Debug|Win32.Build.0 = Debug|Win32
		{09086CCF-35D4-45F7-AB17-56DD1459F0B7}.Release|Win32.ActiveCfg = Release|Win32
		{09086CCF-35D4-45F7-AB17-56DD1459F0B7}.Release|Win32.Build.0 = Release|Win32
		{B48F001F-C650-4D26-AE52-048A3502CC76}.Debug|Win32.ActiveCfg = Debug|Win32
		{B48F001F-C650-4D26-AE52-048A3502CC76}.Debug|Win32.Build.0 = Debug|Win32
		{B48F001F-C650-4D26-AE52-048A3502CC76}.Release|Win32.ActiveCfg = Release|Win32
		{B48F001F-C650-4D26-AE52-048A3502CC76}.Release|Win32.Build.0 = Release|Win32
		{A3C3D8BF-F333-4CBA-B6BD-280E70E2E451}.Debug|Win32.ActiveCfg = Debug|Win32
		{A3C3D8BF-F333-4CBA-B6BD-280E70E2E451}.Debug|Win32.Build.0 = Debug|Win32
		{A3C3D8BF-F333-4CBA-B6BD-280E70E2E451}.Release|Win32.ActiveCfg = Release|Win32
		{A3C3D8BF-F333-4CBA-B6BD-280E70E2E451}.Release|Win32.Build.0 = Release|Win32
		{1E5410EF-E10A-471F-BBEF-6357F453981C}.Debug|Win32.ActiveCfg = Debug|Win32
		{1E5410EF-E10A-471F-BBEF-6357F453981C}.Debug|Win32.Build.0 = Debug|Win32
		{1E5410EF-E10A-471F-BBEF-6357F453981C}.Release|Win32.ActiveCfg = Release|Win32
		{1E5410EF-E10A-471F-BBEF-6357F453981C}.Release|Win32.Build.0 = Release|Win32
		{9FCBBFB3-DF7B-4CE5-9681-5BB6B1AC9E92}.Debug|Win32.ActiveCfg = Debug|Win32
		{9FCBBFB3-DF7B-4CE5-9681-5BB6B1AC9E92}.Debug|Win32.Build.0 = Debug|Win32
		{9FCBBFB3-DF7B-4CE5-9681-5BB6B1AC9E92}.Release|Win32.ActiveCfg = Release|Win32
		{9FCBBFB3-DF7B-4CE5-9681-5BB6B1AC9E92}.Release|Win32.Build.0 = Release|Win32
		{3B94863E-F52B-4D99-B663-9A1880B628EA}.Debug|Win32.ActiveCfg = Debug|Win32
		{3B94863E-F52B-4D99-B663-9A1880B628EA}.Debug|Win32.Build.0 = Debug|Win32
		{3B94863E-F52B-4D99-B663-9A1880B628EA}.Release|Win32.ActiveCfg = Release|Win32
		{3B94863E-F52B-4D99-B663-9A1880B628EA}.Release|Win32.Build.0 = Release|Win32
		{DB328768-10E3-4F9A-A347-8A36FDAA6F7B}.Debug|Win32.ActiveCfg = Debug|Win32
		{DB328768-10E3-4F9A-A347-8A36FDAA6F7B}.Debug|Win32.Build.0 = Debug|Win32
		{DB328768-10E3-4F9A-A347-8A36FDAA6F7B}.Release|Win32.ActiveCfg = Release|Win32
		{DB328768-10E3-4F9A-A347-8A36FDAA6F7B}.Release|Win32.Build.0 = Release|Win32
		{6F7362D7-23E8-460F-AB3C-ED15F21D2F26}.Debug|Win32.ActiveCfg = Debug|Win32
		{6F7362D7-23E8-460F-AB3C-ED15F21D2F26}.Debug|Win32.Build.0 = Debug|Win32
		{6F7362D7-23E8-460F-AB3C-ED15F21D2F26}.Release|Win32.ActiveCfg = Release|Win32
		{6F7362D7-23E8-460F-AB3C-ED15F21D2F26}.Release|Win32.Build.0 = Release|Win32
		{9BF0AEC9-4DF8-4EFD-8A68-3FE4157BDE9D}.Debug|Win32.ActiveCfg = Debug|Win32
		{9BF0AEC9-4DF8-4EFD-8A68-3FE4157BDE9D}.Debug|Win32.Build.0 = Debug|Win32
		{9BF0AEC9-4DF8-4EFD-8A68-3FE4157BDE9D}.Release|Win32.ActiveCfg = Release|Win32
		{9BF0AEC9-4DF8-4EFD-8A68-3FE4157BDE9D}.Release|Win32.Build.0 = Release|Win32
		{35A96A7C-6F14-425D-8D76-D42100FFA384}.Debug|Win32.ActiveCfg = Debug|Win32
		{35A96A7C-6F14-425D-8D76-D42100FFA384}.Debug|Win32.Build.0 = Debug|Win32
		{35A96A7C-6F14-425D-8D76-D42100FFA384}.Release|Win32.ActiveCfg = Release|Win32
		{35A96A7C-6F14-425D-8D76-D42100FFA384}.Release|Win32.Build.0 = Release|Win32
		{24BA9C3B-D9E9-46C2-A85C-5AF9CD44A91C}.Debug|Win32.ActiveCfg = Debug|Win32
		{24BA9C3B-D9E9-46C2-A85C-5AF9CD44A91C}.Debug|Win32.Build.0 = Debug|Win32
		{24BA9C3B-D9E9-46C2-A85C-5AF9CD44A91C}.Release|Win32.ActiveCfg = Release|Win32
		{24BA9C3B-D9E9-46C2-A85C-5AF9CD44A91C}.Release|Win32.Build.0 = Release|Win32
		{82933FAD-B5BE-48D6-931F-50ADF6499920}.Debug|Win32.ActiveCfg = Debug|Win32
		{82933FAD-B5BE-48D6-931F-50ADF6499920}.Debug|Win32.Build.0 = Debug|Win32
		{82933FAD-B5BE-48D6-931F-50ADF6499920}.Release|Win32.ActiveCfg = Release|Win32
		{82933FAD-B5BE-48D6-931F-50ADF6499920}.Release|Win32.Build.0 = Release|Win32
		{EDDCA6B8-E129-49C8-8AC3-C18BCFEF35FD}.Debug|Win32.ActiveCfg = Debug|Win32
		{EDDCA6B8-E129-49C8-8AC3-C18BCFEF35FD}.Debug|Win32.Build.0 = Debug|Win32
		{EDDCA6B8-E129-49C8-8AC3-C18BCFEF35FD}.Release|Win32.ActiveCfg = Release|Win32
		{EDDCA6B8-E129-49C8-8AC3-C18BCFEF35FD}.Release|Win32.Build.0 = Release|Win32
		{7359A2D3-4DD6-4814-BFB3-EA4F72598778}.Debug|Win32.ActiveCfg = Debug|Win32
		{7359A2D3-4DD6-4814-BFB3-EA4F72598778}.Debug|Win32.Build.0 = Debug|Win32
		{7359A2D3-4DD6-4814-BFB3-EA4F72598778}.Release|Win32.ActiveCfg = Release|Win32
		{7359A2D3-4DD6-4814-BFB3-EA4F72598778}.Release|Win32.Build.0 = Release|Win32
	EndGlobalSection
	GlobalSection(SolutionProperties) = preSolution
		HideSolutionNode = FALSE
	EndGlobalSection
EndGlobal
